
Microsoft Visual Studio Solution File, Format Version 12.00
# Visual Studio Version 16
VisualStudioVersion = 16.0.30011.22
MinimumVisualStudioVersion = 10.0.40219.1
Project("{FAE04EC0-301F-11D3-BF4B-00C04F79EFBC}") = "наименьш наибольш числа фор консоль", "наименьш наибольш числа фор консоль\наименьш наибольш числа фор консоль.csproj", "{FE798B51-F3EE-407C-AF4F-EB84C1BFF6E6}"
EndProject
Global
	GlobalSection(SolutionConfigurationPlatforms) = preSolution
		Debug|Any CPU = Debug|Any CPU
		Release|Any CPU = Release|Any CPU
	EndGlobalSection
	GlobalSection(ProjectConfigurationPlatforms) = postSolution
		{FE798B51-F3EE-407C-AF4F-EB84C1BFF6E6}.Debug|Any CPU.ActiveCfg = Debug|Any CPU
		{FE798B51-F3EE-407C-AF4F-EB84C1BFF6E6}.Debug|Any CPU.Build.0 = Debug|Any CPU
		{FE798B51-F3EE-407C-AF4F-EB84C1BFF6E6}.Release|Any CPU.ActiveCfg = Release|Any CPU
		{FE798B51-F3EE-407C-AF4F-EB84C1BFF6E6}.Release|Any CPU.Build.0 = Release|Any CPU
	EndGlobalSection
	GlobalSection(SolutionProperties) = preSolution
		HideSolutionNode = FALSE
	EndGlobalSection
	GlobalSection(ExtensibilityGlobals) = postSolution
		SolutionGuid = {7DB09483-AC4B-4142-87DD-3DADDCFE02B2}
	EndGlobalSection
EndGlobal
